
Microsoft Visual Studio Solution File, Format Version 12.00
# Visual Studio Version 16
VisualStudioVersion = 16.0.30011.22
MinimumVisualStudioVersion = 10.0.40219.1
Project("{FAE04EC0-301F-11D3-BF4B-00C04F79EFBC}") = "GuildManager", "GuildManager\GuildManager.csproj", "{E8F4ED0B-6024-4A9C-8083-0ADF01B8330A}"
EndProject
Global
	GlobalSection(SolutionConfigurationPlatforms) = preSolution
		Debug|Any CPU = Debug|Any CPU
		Release|Any CPU = Release|Any CPU
	EndGlobalSection
	GlobalSection(ProjectConfigurationPlatforms) = postSolution
		{E8F4ED0B-6024-4A9C-8083-0ADF01B8330A}.Debug|Any CPU.ActiveCfg = Debug|Any CPU
		{E8F4ED0B-6024-4A9C-8083-0ADF01B8330A}.Debug|Any CPU.Build.0 = Debug|Any CPU
		{E8F4ED0B-6024-4A9C-8083-0ADF01B8330A}.Release|Any CPU.ActiveCfg = Release|Any CPU
		{E8F4ED0B-6024-4A9C-8083-0ADF01B8330A}.Release|Any CPU.Build.0 = Release|Any CPU
	EndGlobalSection
	GlobalSection(SolutionProperties) = preSolution
		HideSolutionNode = FALSE
	EndGlobalSection
	GlobalSection(ExtensibilityGlobals) = postSolution
		SolutionGuid = {DEF26A19-1C38-4809-BEDE-3ECE2D940721}
	EndGlobalSection
EndGlobal
